# This file is autogenerated, do not edit; changes may be undone by the next 'dep ensure'.


[[projects]]
  name = "github.com/influxdata/influxdb"
  packages = ["client/v2","models","pkg/escape"]
  revision = "f8fdf652f348fc9980997fe1c972e2b79ddd13b0"
  version = "v1.7.7"

[[projects]]
  branch = "master"
  name = "github.com/jasonlvhit/gocron"
  packages = ["."]
  revision = "7ef3bafdc25c3ba768c70cf058acc83bb1535ab2"

[solve-meta]
  analyzer-name = "dep"
  analyzer-version = 1
  inputs-digest = "cb48d320241aabef1c10ed2c56aa3ea62a3396976d3d7dc42d6e4028cee1086c"
  solver-name = "gps-cdcl"
  solver-version = 1
